
Microsoft Visual Studio Solution File, Format Version 12.00
# Visual Studio Version 17
VisualStudioVersion = 17.0.31903.59
MinimumVisualStudioVersion = 10.0.40219.1
Project("{FAE04EC0-301F-11D3-BF4B-00C04F79EFBC}") = "Keeper.Core", "Keeper.Core\Keeper.Core.csproj", "{BAE21857-BA10-463A-B6BB-9B307C998C79}"
EndProject
Project("{FAE04EC0-301F-11D3-BF4B-00C04F79EFBC}") = "Keeper.Api", "Keeper.Api\Keeper.Api.csproj", "{A9F9779F-DB0D-43F6-8C4C-9D0696EB3060}"
EndProject
Project("{FAE04EC0-301F-11D3-BF4B-00C04F79EFBC}") = "Keeper.Common", "Keeper.Common\Keeper.Common.csproj", "{E4B8451B-F779-4319-9318-1DA97641C8B5}"
EndProject
Project("{FAE04EC0-301F-11D3-BF4B-00C04F79EFBC}") = "Keeper.Data", "Keeper.Data\Keeper.Data.csproj", "{38B834B5-76CE-472C-8329-7C7B1D026DC8}"
EndProject
Project("{FAE04EC0-301F-11D3-BF4B-00C04F79EFBC}") = "Keeper.Infrastructure", "Keeper.Infrastructure\Keeper.Infrastructure.csproj", "{A87DC7E2-508C-4DA1-BA19-C7E968520519}"
EndProject
Project("{2150E333-8FDC-42A3-9474-1A3956D46DE8}") = "Solution Items", "Solution Items", "{8EC462FD-D22E-90A8-E5CE-7E832BA40C5D}"
	ProjectSection(SolutionItems) = preProject
		.editorconfig = .editorconfig
		.gitignore = .gitignore
		Dockerfile = Dockerfile
		LICENSE = LICENSE
		README.md = README.md
	EndProjectSection
EndProject
Project("{FAE04EC0-301F-11D3-BF4B-00C04F79EFBC}") = "Keeper.Test", "Keeper.Test\Keeper.Test.csproj", "{9A86B47B-7E4B-4200-B4DF-612F564E83D5}"
EndProject
Project("{E53339B2-1760-4266-BCC7-CA923CBCF16C}") = "docker-compose", "docker-compose.dcproj", "{81DDED9D-158B-E303-5F62-77A2896D2A5A}"
EndProject
Global
	GlobalSection(SolutionConfigurationPlatforms) = preSolution
		Debug|Any CPU = Debug|Any CPU
		Release|Any CPU = Release|Any CPU
	EndGlobalSection
	GlobalSection(ProjectConfigurationPlatforms) = postSolution
		{BAE21857-BA10-463A-B6BB-9B307C998C79}.Debug|Any CPU.ActiveCfg = Debug|Any CPU
		{BAE21857-BA10-463A-B6BB-9B307C998C79}.Debug|Any CPU.Build.0 = Debug|Any CPU
		{BAE21857-BA10-463A-B6BB-9B307C998C79}.Release|Any CPU.ActiveCfg = Release|Any CPU
		{BAE21857-BA10-463A-B6BB-9B307C998C79}.Release|Any CPU.Build.0 = Release|Any CPU
		{A9F9779F-DB0D-43F6-8C4C-9D0696EB3060}.Debug|Any CPU.ActiveCfg = Debug|Any CPU
		{A9F9779F-DB0D-43F6-8C4C-9D0696EB3060}.Debug|Any CPU.Build.0 = Debug|Any CPU
		{A9F9779F-DB0D-43F6-8C4C-9D0696EB3060}.Release|Any CPU.ActiveCfg = Release|Any CPU
		{A9F9779F-DB0D-43F6-8C4C-9D0696EB3060}.Release|Any CPU.Build.0 = Release|Any CPU
		{E4B8451B-F779-4319-9318-1DA97641C8B5}.Debug|Any CPU.ActiveCfg = Debug|Any CPU
		{E4B8451B-F779-4319-9318-1DA97641C8B5}.Debug|Any CPU.Build.0 = Debug|Any CPU
		{E4B8451B-F779-4319-9318-1DA97641C8B5}.Release|Any CPU.ActiveCfg = Release|Any CPU
		{E4B8451B-F779-4319-9318-1DA97641C8B5}.Release|Any CPU.Build.0 = Release|Any CPU
		{38B834B5-76CE-472C-8329-7C7B1D026DC8}.Debug|Any CPU.ActiveCfg = Debug|Any CPU
		{38B834B5-76CE-472C-8329-7C7B1D026DC8}.Debug|Any CPU.Build.0 = Debug|Any CPU
		{38B834B5-76CE-472C-8329-7C7B1D026DC8}.Release|Any CPU.ActiveCfg = Release|Any CPU
		{38B834B5-76CE-472C-8329-7C7B1D026DC8}.Release|Any CPU.Build.0 = Release|Any CPU
		{A87DC7E2-508C-4DA1-BA19-C7E968520519}.Debug|Any CPU.ActiveCfg = Debug|Any CPU
		{A87DC7E2-508C-4DA1-BA19-C7E968520519}.Debug|Any CPU.Build.0 = Debug|Any CPU
		{A87DC7E2-508C-4DA1-BA19-C7E968520519}.Release|Any CPU.ActiveCfg = Release|Any CPU
		{A87DC7E2-508C-4DA1-BA19-C7E968520519}.Release|Any CPU.Build.0 = Release|Any CPU
		{9A86B47B-7E4B-4200-B4DF-612F564E83D5}.Debug|Any CPU.ActiveCfg = Debug|Any CPU
		{9A86B47B-7E4B-4200-B4DF-612F564E83D5}.Debug|Any CPU.Build.0 = Debug|Any CPU
		{9A86B47B-7E4B-4200-B4DF-612F564E83D5}.Release|Any CPU.ActiveCfg = Release|Any CPU
		{9A86B47B-7E4B-4200-B4DF-612F564E83D5}.Release|Any CPU.Build.0 = Release|Any CPU
		{81DDED9D-158B-E303-5F62-77A2896D2A5A}.Debug|Any CPU.ActiveCfg = Debug|Any CPU
		{81DDED9D-158B-E303-5F62-77A2896D2A5A}.Debug|Any CPU.Build.0 = Debug|Any CPU
		{81DDED9D-158B-E303-5F62-77A2896D2A5A}.Release|Any CPU.ActiveCfg = Release|Any CPU
		{81DDED9D-158B-E303-5F62-77A2896D2A5A}.Release|Any CPU.Build.0 = Release|Any CPU
	EndGlobalSection
	GlobalSection(SolutionProperties) = preSolution
		HideSolutionNode = FALSE
	EndGlobalSection
	GlobalSection(ExtensibilityGlobals) = postSolution
		SolutionGuid = {B129D65F-FAE3-412A-9C53-FB2628CF13F4}
	EndGlobalSection
EndGlobal
